
Microsoft Visual Studio Solution File, Format Version 12.00
# Visual Studio Version 17
VisualStudioVersion = 17.10.35004.147
MinimumVisualStudioVersion = 10.0.40219.1
Project("{9A19103F-16F7-4668-BE54-9A1E7A4F7556}") = "DomashaDruzhim", "DomashaDruzhim\DomashaDruzhim.csproj", "{30F7DCAF-EF6B-40DE-9637-2E3ACFA73C83}"
EndProject
Project("{9A19103F-16F7-4668-BE54-9A1E7A4F7556}") = "Domasha2nd", "Domasha2nd\Domasha2nd.csproj", "{7A3D0252-99EA-482E-ABAC-0920D7E5BB4B}"
EndProject
Project("{2150E333-8FDC-42A3-9474-1A3956D46DE8}") = "Solution Items", "Solution Items", "{5831EE25-1653-4D1A-AAAA-B5E4055B5B28}"
EndProject
Global
	GlobalSection(SolutionConfigurationPlatforms) = preSolution
		Debug|Any CPU = Debug|Any CPU
		Release|Any CPU = Release|Any CPU
	EndGlobalSection
	GlobalSection(ProjectConfigurationPlatforms) = postSolution
		{30F7DCAF-EF6B-40DE-9637-2E3ACFA73C83}.Debug|Any CPU.ActiveCfg = Debug|Any CPU
		{30F7DCAF-EF6B-40DE-9637-2E3ACFA73C83}.Debug|Any CPU.Build.0 = Debug|Any CPU
		{30F7DCAF-EF6B-40DE-9637-2E3ACFA73C83}.Release|Any CPU.ActiveCfg = Release|Any CPU
		{30F7DCAF-EF6B-40DE-9637-2E3ACFA73C83}.Release|Any CPU.Build.0 = Release|Any CPU
		{7A3D0252-99EA-482E-ABAC-0920D7E5BB4B}.Debug|Any CPU.ActiveCfg = Debug|Any CPU
		{7A3D0252-99EA-482E-ABAC-0920D7E5BB4B}.Debug|Any CPU.Build.0 = Debug|Any CPU
		{7A3D0252-99EA-482E-ABAC-0920D7E5BB4B}.Release|Any CPU.ActiveCfg = Release|Any CPU
		{7A3D0252-99EA-482E-ABAC-0920D7E5BB4B}.Release|Any CPU.Build.0 = Release|Any CPU
	EndGlobalSection
	GlobalSection(SolutionProperties) = preSolution
		HideSolutionNode = FALSE
	EndGlobalSection
	GlobalSection(ExtensibilityGlobals) = postSolution
		SolutionGuid = {EAD165F4-EAE3-4E2B-9FC9-82A77301D63B}
	EndGlobalSection
EndGlobal
